
Microsoft Visual Studio Solution File, Format Version 12.00
# Visual Studio Version 16
VisualStudioVersion = 16.0.29102.190
MinimumVisualStudioVersion = 10.0.40219.1
Project("{FAE04EC0-301F-11D3-BF4B-00C04F79EFBC}") = "HubSwitcher", "HubSwitcher\HubSwitcher.csproj", "{DC31B376-0DAC-4ED5-849C-ECFBF6BBF4D9}"
EndProject
Project("{FAE04EC0-301F-11D3-BF4B-00C04F79EFBC}") = "HubSwitcher.UI", "HubSwitcher.UI\HubSwitcher.UI.csproj", "{CF7890D4-B054-4D29-975F-30E807548727}"
EndProject
Project("{FAE04EC0-301F-11D3-BF4B-00C04F79EFBC}") = "HubSwitcher.Data", "HubSwitcher.Data\HubSwitcher.Data.csproj", "{C48C44C9-7EE0-460C-BFB0-38FD174106AB}"
EndProject
Project("{FAE04EC0-301F-11D3-BF4B-00C04F79EFBC}") = "Security", "..\Security\Security\Security.csproj", "{0C9E9D0D-4D1A-47F8-9532-49458C0147DC}"
EndProject
Global
	GlobalSection(SolutionConfigurationPlatforms) = preSolution
		Debug|Any CPU = Debug|Any CPU
		Release|Any CPU = Release|Any CPU
	EndGlobalSection
	GlobalSection(ProjectConfigurationPlatforms) = postSolution
		{DC31B376-0DAC-4ED5-849C-ECFBF6BBF4D9}.Debug|Any CPU.ActiveCfg = Debug|Any CPU
		{DC31B376-0DAC-4ED5-849C-ECFBF6BBF4D9}.Debug|Any CPU.Build.0 = Debug|Any CPU
		{DC31B376-0DAC-4ED5-849C-ECFBF6BBF4D9}.Release|Any CPU.ActiveCfg = Release|Any CPU
		{DC31B376-0DAC-4ED5-849C-ECFBF6BBF4D9}.Release|Any CPU.Build.0 = Release|Any CPU
		{CF7890D4-B054-4D29-975F-30E807548727}.Debug|Any CPU.ActiveCfg = Debug|Any CPU
		{CF7890D4-B054-4D29-975F-30E807548727}.Debug|Any CPU.Build.0 = Debug|Any CPU
		{CF7890D4-B054-4D29-975F-30E807548727}.Release|Any CPU.ActiveCfg = Release|Any CPU
		{CF7890D4-B054-4D29-975F-30E807548727}.Release|Any CPU.Build.0 = Release|Any CPU
		{C48C44C9-7EE0-460C-BFB0-38FD174106AB}.Debug|Any CPU.ActiveCfg = Debug|Any CPU
		{C48C44C9-7EE0-460C-BFB0-38FD174106AB}.Debug|Any CPU.Build.0 = Debug|Any CPU
		{C48C44C9-7EE0-460C-BFB0-38FD174106AB}.Release|Any CPU.ActiveCfg = Release|Any CPU
		{C48C44C9-7EE0-460C-BFB0-38FD174106AB}.Release|Any CPU.Build.0 = Release|Any CPU
		{0C9E9D0D-4D1A-47F8-9532-49458C0147DC}.Debug|Any CPU.ActiveCfg = Debug|Any CPU
		{0C9E9D0D-4D1A-47F8-9532-49458C0147DC}.Debug|Any CPU.Build.0 = Debug|Any CPU
		{0C9E9D0D-4D1A-47F8-9532-49458C0147DC}.Release|Any CPU.ActiveCfg = Release|Any CPU
		{0C9E9D0D-4D1A-47F8-9532-49458C0147DC}.Release|Any CPU.Build.0 = Release|Any CPU
	EndGlobalSection
	GlobalSection(SolutionProperties) = preSolution
		HideSolutionNode = FALSE
	EndGlobalSection
	GlobalSection(ExtensibilityGlobals) = postSolution
		SolutionGuid = {E80691BA-402A-469C-90CB-F293D1C7F4AE}
	EndGlobalSection
EndGlobal
